
Microsoft Visual Studio Solution File, Format Version 12.00
# Visual Studio Version 17
VisualStudioVersion = 17.14.36109.1 d17.14
MinimumVisualStudioVersion = 10.0.40219.1
Project("{FAE04EC0-301F-11D3-BF4B-00C04F79EFBC}") = "MobileShopProject", "MobileShopProject.csproj", "{1FA6327B-924A-42BF-8B8A-2D9AE2DDAB26}"
EndProject
Global
	GlobalSection(SolutionConfigurationPlatforms) = preSolution
		Debug|Any CPU = Debug|Any CPU
		Release|Any CPU = Release|Any CPU
	EndGlobalSection
	GlobalSection(ProjectConfigurationPlatforms) = postSolution
		{1FA6327B-924A-42BF-8B8A-2D9AE2DDAB26}.Debug|Any CPU.ActiveCfg = Debug|Any CPU
		{1FA6327B-924A-42BF-8B8A-2D9AE2DDAB26}.Debug|Any CPU.Build.0 = Debug|Any CPU
		{1FA6327B-924A-42BF-8B8A-2D9AE2DDAB26}.Release|Any CPU.ActiveCfg = Release|Any CPU
		{1FA6327B-924A-42BF-8B8A-2D9AE2DDAB26}.Release|Any CPU.Build.0 = Release|Any CPU
	EndGlobalSection
	GlobalSection(SolutionProperties) = preSolution
		HideSolutionNode = FALSE
	EndGlobalSection
	GlobalSection(ExtensibilityGlobals) = postSolution
		SolutionGuid = {D4FD7F34-A886-413F-A7C9-8C707705A71A}
	EndGlobalSection
EndGlobal
